
Microsoft Visual Studio Solution File, Format Version 12.00
# Visual Studio Version 16
VisualStudioVersion = 16.0.32929.386
MinimumVisualStudioVersion = 10.0.40219.1
Project("{FAE04EC0-301F-11D3-BF4B-00C04F79EFBC}") = "poc-ihm-main", "poc-ihm-main.csproj", "{B89BD4F6-04FB-4EB1-8340-2027F392DE0E}"
EndProject
Global
	GlobalSection(SolutionConfigurationPlatforms) = preSolution
		Debug|Any CPU = Debug|Any CPU
		Release|Any CPU = Release|Any CPU
	EndGlobalSection
	GlobalSection(ProjectConfigurationPlatforms) = postSolution
		{B89BD4F6-04FB-4EB1-8340-2027F392DE0E}.Debug|Any CPU.ActiveCfg = Debug|Any CPU
		{B89BD4F6-04FB-4EB1-8340-2027F392DE0E}.Debug|Any CPU.Build.0 = Debug|Any CPU
		{B89BD4F6-04FB-4EB1-8340-2027F392DE0E}.Release|Any CPU.ActiveCfg = Release|Any CPU
		{B89BD4F6-04FB-4EB1-8340-2027F392DE0E}.Release|Any CPU.Build.0 = Release|Any CPU
	EndGlobalSection
	GlobalSection(SolutionProperties) = preSolution
		HideSolutionNode = FALSE
	EndGlobalSection
	GlobalSection(ExtensibilityGlobals) = postSolution
		SolutionGuid = {3F64D774-FAB9-4EE2-A2F1-916D2B59CE56}
	EndGlobalSection
EndGlobal
